
Microsoft Visual Studio Solution File, Format Version 12.00
# Visual Studio Version 17
VisualStudioVersion = 17.0.32014.148
MinimumVisualStudioVersion = 10.0.40219.1
Project("{FAE04EC0-301F-11D3-BF4B-00C04F79EFBC}") = "HelperToolbox", "HelperToolbox\HelperToolbox.csproj", "{4489E9C5-8008-43AA-A33B-AD5BA7EEDB88}"
EndProject
Global
	GlobalSection(SolutionConfigurationPlatforms) = preSolution
		Debug|Any CPU = Debug|Any CPU
		Release|Any CPU = Release|Any CPU
	EndGlobalSection
	GlobalSection(ProjectConfigurationPlatforms) = postSolution
		{4489E9C5-8008-43AA-A33B-AD5BA7EEDB88}.Debug|Any CPU.ActiveCfg = Debug|Any CPU
		{4489E9C5-8008-43AA-A33B-AD5BA7EEDB88}.Debug|Any CPU.Build.0 = Debug|Any CPU
		{4489E9C5-8008-43AA-A33B-AD5BA7EEDB88}.Release|Any CPU.ActiveCfg = Release|Any CPU
		{4489E9C5-8008-43AA-A33B-AD5BA7EEDB88}.Release|Any CPU.Build.0 = Release|Any CPU
	EndGlobalSection
	GlobalSection(SolutionProperties) = preSolution
		HideSolutionNode = FALSE
	EndGlobalSection
	GlobalSection(ExtensibilityGlobals) = postSolution
		SolutionGuid = {E17F4A0C-1215-4BD0-B64D-57EB2AA2349D}
	EndGlobalSection
EndGlobal
